Microsoft Visual Studio Solution File, Format Version 11.00
# Visual Studio 2008

Project("{D5152548-F112-9786-794F-84EA8CB6F85B}") = "battle-of-gods", "Assembly-CSharp.csproj", "{1447E2F0-88A4-BDF3-DC58-5D58A0E79B90}"
EndProject
Project("{D5152548-F112-9786-794F-84EA8CB6F85B}") = "battle-of-gods", "Assembly-CSharp-Editor.csproj", "{57A5163E-4965-CAD1-2E73-400A5D512CF1}"
EndProject
Project("{D5152548-F112-9786-794F-84EA8CB6F85B}") = "battle-of-gods", "Assembly-UnityScript.unityproj", "{925E8387-4B50-4BD9-C6A1-F1D7F8E5DC59}"
EndProject
Global
	GlobalSection(SolutionConfigurationPlatforms) = preSolution
		Debug|Any CPU = Debug|Any CPU
		Release|Any CPU = Release|Any CPU
	EndGlobalSection
	GlobalSection(ProjectConfigurationPlatforms) = postSolution
		{1447E2F0-88A4-BDF3-DC58-5D58A0E79B90}.Debug|Any CPU.ActiveCfg = Debug|Any CPU
		{1447E2F0-88A4-BDF3-DC58-5D58A0E79B90}.Debug|Any CPU.Build.0 = Debug|Any CPU
		{1447E2F0-88A4-BDF3-DC58-5D58A0E79B90}.Release|Any CPU.ActiveCfg = Release|Any CPU
		{1447E2F0-88A4-BDF3-DC58-5D58A0E79B90}.Release|Any CPU.Build.0 = Release|Any CPU
		{57A5163E-4965-CAD1-2E73-400A5D512CF1}.Debug|Any CPU.ActiveCfg = Debug|Any CPU
		{57A5163E-4965-CAD1-2E73-400A5D512CF1}.Debug|Any CPU.Build.0 = Debug|Any CPU
		{57A5163E-4965-CAD1-2E73-400A5D512CF1}.Release|Any CPU.ActiveCfg = Release|Any CPU
		{57A5163E-4965-CAD1-2E73-400A5D512CF1}.Release|Any CPU.Build.0 = Release|Any CPU
		{925E8387-4B50-4BD9-C6A1-F1D7F8E5DC59}.Debug|Any CPU.ActiveCfg = Debug|Any CPU
		{925E8387-4B50-4BD9-C6A1-F1D7F8E5DC59}.Debug|Any CPU.Build.0 = Debug|Any CPU
		{925E8387-4B50-4BD9-C6A1-F1D7F8E5DC59}.Release|Any CPU.ActiveCfg = Release|Any CPU
		{925E8387-4B50-4BD9-C6A1-F1D7F8E5DC59}.Release|Any CPU.Build.0 = Release|Any CPU
	EndGlobalSection
	GlobalSection(SolutionProperties) = preSolution
		HideSolutionNode = FALSE
	EndGlobalSection
				GlobalSection(MonoDevelopProperties) = preSolution
		StartupItem = Assembly-CSharp.csproj
		Policies = $0
		$0.TextStylePolicy = $1
		$1.inheritsSet = null
		$1.scope = text/x-csharp
		$0.CSharpFormattingPolicy = $2
		$2.inheritsSet = Mono
		$2.inheritsScope = text/x-csharp
		$2.scope = text/x-csharp
		$0.TextStylePolicy = $3
		$3.FileWidth = 120
		$3.TabWidth = 4
		$3.EolMarker = Unix
		$3.inheritsSet = Mono
		$3.inheritsScope = text/plain
		$3.scope = text/plain
	EndGlobalSection

EndGlobal
